
Microsoft Visual Studio Solution File, Format Version 12.00
# Visual Studio Version 17
VisualStudioVersion = 17.4.33110.190
MinimumVisualStudioVersion = 10.0.40219.1
Project("{FAE04EC0-301F-11D3-BF4B-00C04F79EFBC}") = "Radiologi - Backend", "Radiologi - Backend\Radiologi - Backend.csproj", "{4CC49C44-A650-40CA-A0AC-6D2189E064BB}"
EndProject
Global
	GlobalSection(SolutionConfigurationPlatforms) = preSolution
		Debug|Any CPU = Debug|Any CPU
		Release|Any CPU = Release|Any CPU
	EndGlobalSection
	GlobalSection(ProjectConfigurationPlatforms) = postSolution
		{4CC49C44-A650-40CA-A0AC-6D2189E064BB}.Debug|Any CPU.ActiveCfg = Debug|Any CPU
		{4CC49C44-A650-40CA-A0AC-6D2189E064BB}.Debug|Any CPU.Build.0 = Debug|Any CPU
		{4CC49C44-A650-40CA-A0AC-6D2189E064BB}.Release|Any CPU.ActiveCfg = Release|Any CPU
		{4CC49C44-A650-40CA-A0AC-6D2189E064BB}.Release|Any CPU.Build.0 = Release|Any CPU
	EndGlobalSection
	GlobalSection(SolutionProperties) = preSolution
		HideSolutionNode = FALSE
	EndGlobalSection
	GlobalSection(ExtensibilityGlobals) = postSolution
		SolutionGuid = {39B66C50-6410-4329-A174-121B872038A3}
	EndGlobalSection
EndGlobal
